{
  "nodes": {
    "cmp-nvim-lsp": {
      "flake": false,
      "locked": {
        "lastModified": 1743496195,
        "narHash": "sha256-iaihXNCF5bB5MdeoosD/kc3QtpA/QaIDZVLiLIurBSM=",
        "owner": "hrsh7th",
        "repo": "cmp-nvim-lsp",
        "rev": "a8912b88ce488f411177fc8aed358b04dc246d7b",
        "type": "github"
      },
      "original": {
        "owner": "hrsh7th",
        "repo": "cmp-nvim-lsp",
        "type": "github"
      }
    },
    "coloresque-src": {
      "flake": false,
      "locked": {
        "lastModified": 1588533280,
        "narHash": "sha256-b8EYF/CYhz6qDmhybNJUVyXmbSfEOap01wP4SwuANRY=",
        "owner": "gko",
        "repo": "vim-coloresque",
        "rev": "e12a5007068e74c8ffe5b1da91c25989de9c2081",
        "type": "github"
      },
      "original": {
        "owner": "gko",
        "repo": "vim-coloresque",
        "type": "github"
      }
    },
    "css3-syntax-src": {
      "flake": false,
      "locked": {
        "lastModified": 1745021263,
        "narHash": "sha256-zFpGxHKQEqX/+yynEGY+uW4ef2H209yvbEApSRwX1WM=",
        "owner": "hail2u",
        "repo": "vim-css3-syntax",
        "rev": "adbc12f2ee0d7c5f9b049b40cb6b6858366584a5",
        "type": "github"
      },
      "original": {
        "owner": "hail2u",
        "repo": "vim-css3-syntax",
        "type": "github"
      }
    },
    "flake-parts": {
      "inputs": {
        "nixpkgs-lib": "nixpkgs-lib"
      },
      "locked": {
        "lastModified": 1743550720,
        "narHash": "sha256-hIshGgKZCgWh6AYJpJmRgFdR3WUbkY04o82X05xqQiY=",
        "owner": "hercules-ci",
        "repo": "flake-parts",
        "rev": "c621e8422220273271f52058f618c94e405bb0f5",
        "type": "github"
      },
      "original": {
        "owner": "hercules-ci",
        "repo": "flake-parts",
        "type": "github"
      }
    },
    "flake-utils": {
      "inputs": {
        "systems": "systems"
      },
      "locked": {
        "lastModified": 1731533236,
        "narHash": "sha256-l0KFg5HjrsfsO/JpG+r7fRrqm12kzFHyUHqHCVpMMbI=",
        "owner": "numtide",
        "repo": "flake-utils",
        "rev": "11707dc2f618dd54ca8739b309ec4fc024de578b",
        "type": "github"
      },
      "original": {
        "id": "flake-utils",
        "type": "indirect"
      }
    },
    "flake-utils_2": {
      "inputs": {
        "systems": "systems_2"
      },
      "locked": {
        "lastModified": 1731533236,
        "narHash": "sha256-l0KFg5HjrsfsO/JpG+r7fRrqm12kzFHyUHqHCVpMMbI=",
        "owner": "numtide",
        "repo": "flake-utils",
        "rev": "11707dc2f618dd54ca8739b309ec4fc024de578b",
        "type": "github"
      },
      "original": {
        "owner": "numtide",
        "repo": "flake-utils",
        "type": "github"
      }
    },
    "haml-src": {
      "flake": false,
      "locked": {
        "lastModified": 1725834907,
        "narHash": "sha256-+6iNF0CobAdzYIeu19LxomZdD2ycX0xxsT5B0fOjbVw=",
        "owner": "tpope",
        "repo": "vim-haml",
        "rev": "c30ee7d885aa1a1cf17d856ab932de75ab789d5d",
        "type": "github"
      },
      "original": {
        "owner": "tpope",
        "repo": "vim-haml",
        "type": "github"
      }
    },
    "inlay-hints-nvim": {
      "flake": false,
      "locked": {
        "lastModified": 1734768391,
        "narHash": "sha256-99KCGoPowa4PA1jkCm4ZbbgrFl84NWnKQMgkfy8KS5E=",
        "owner": "MysticalDevil",
        "repo": "inlay-hints.nvim",
        "rev": "3259b54f3b954b4d8260f3ee49ceabe978ea5636",
        "type": "github"
      },
      "original": {
        "owner": "MysticalDevil",
        "repo": "inlay-hints.nvim",
        "type": "github"
      }
    },
    "mnw": {
      "locked": {
        "lastModified": 1748278309,
        "narHash": "sha256-JCeiMrUhFku44kfKsgiD9Ibzho4MblBD2WmOQYsQyTY=",
        "owner": "Gerg-L",
        "repo": "mnw",
        "rev": "486a17ba1279ab2357cae8ff66b309db622f8831",
        "type": "github"
      },
      "original": {
        "owner": "Gerg-L",
        "repo": "mnw",
        "type": "github"
      }
    },
    "nil": {
      "inputs": {
        "flake-utils": [
          "nvf",
          "flake-utils"
        ],
        "nixpkgs": [
          "nvf",
          "nixpkgs"
        ],
        "rust-overlay": "rust-overlay"
      },
      "locked": {
        "lastModified": 1741118843,
        "narHash": "sha256-ggXU3RHv6NgWw+vc+HO4/9n0GPufhTIUjVuLci8Za8c=",
        "owner": "oxalica",
        "repo": "nil",
        "rev": "577d160da311cc7f5042038456a0713e9863d09e",
        "type": "github"
      },
      "original": {
        "owner": "oxalica",
        "repo": "nil",
        "type": "github"
      }
    },
    "nixpkgs": {
      "locked": {
        "lastModified": 1744868846,
        "narHash": "sha256-5RJTdUHDmj12Qsv7XOhuospjAjATNiTMElplWnJE9Hs=",
        "owner": "NixOS",
        "repo": "nixpkgs",
        "rev": "ebe4301cbd8f81c4f8d3244b3632338bbeb6d49c",
        "type": "github"
      },
      "original": {
        "owner": "NixOS",
        "ref": "nixpkgs-unstable",
        "repo": "nixpkgs",
        "type": "github"
      }
    },
    "nixpkgs-lib": {
      "locked": {
        "lastModified": 1743296961,
        "narHash": "sha256-b1EdN3cULCqtorQ4QeWgLMrd5ZGOjLSLemfa00heasc=",
        "owner": "nix-community",
        "repo": "nixpkgs.lib",
        "rev": "e4822aea2a6d1cdd36653c134cacfd64c97ff4fa",
        "type": "github"
      },
      "original": {
        "owner": "nix-community",
        "repo": "nixpkgs.lib",
        "type": "github"
      }
    },
    "nixpkgs_2": {
      "locked": {
        "lastModified": 1748217807,
        "narHash": "sha256-P3u2PXxMlo49PutQLnk2PhI/imC69hFl1yY4aT5Nax8=",
        "owner": "nixos",
        "repo": "nixpkgs",
        "rev": "3108eaa516ae22c2360928589731a4f1581526ef",
        "type": "github"
      },
      "original": {
        "owner": "nixos",
        "ref": "nixpkgs-unstable",
        "repo": "nixpkgs",
        "type": "github"
      }
    },
    "nvf": {
      "inputs": {
        "flake-parts": "flake-parts",
        "flake-utils": "flake-utils_2",
        "mnw": "mnw",
        "nil": "nil",
        "nixpkgs": "nixpkgs_2",
        "systems": "systems_3"
      },
      "locked": {
        "lastModified": 1749033605,
        "narHash": "sha256-OkrBJNnD9/Qe2tn3/21rjbiVLlRvaNMdqzfFqUkpbHo=",
        "owner": "notashelf",
        "repo": "nvf",
        "rev": "cb4d8340a172e95069b05f8e62f1c93e9ded859b",
        "type": "github"
      },
      "original": {
        "owner": "notashelf",
        "repo": "nvf",
        "type": "github"
      }
    },
    "root": {
      "inputs": {
        "cmp-nvim-lsp": "cmp-nvim-lsp",
        "coloresque-src": "coloresque-src",
        "css3-syntax-src": "css3-syntax-src",
        "flake-utils": "flake-utils",
        "haml-src": "haml-src",
        "inlay-hints-nvim": "inlay-hints-nvim",
        "nixpkgs": "nixpkgs",
        "nvf": "nvf",
        "telescope-recent-files-src": "telescope-recent-files-src",
        "vaffle-src": "vaffle-src"
      }
    },
    "rust-overlay": {
      "inputs": {
        "nixpkgs": [
          "nvf",
          "nil",
          "nixpkgs"
        ]
      },
      "locked": {
        "lastModified": 1741055476,
        "narHash": "sha256-52vwEV0oS2lCnx3c/alOFGglujZTLmObit7K8VblnS8=",
        "owner": "oxalica",
        "repo": "rust-overlay",
        "rev": "aefb7017d710f150970299685e8d8b549d653649",
        "type": "github"
      },
      "original": {
        "owner": "oxalica",
        "repo": "rust-overlay",
        "type": "github"
      }
    },
    "systems": {
      "locked": {
        "lastModified": 1681028828,
        "narHash": "sha256-Vy1rq5AaRuLzOxct8nz4T6wlgyUR7zLU309k9mBC768=",
        "owner": "nix-systems",
        "repo": "default",
        "rev": "da67096a3b9bf56a91d16901293e51ba5b49a27e",
        "type": "github"
      },
      "original": {
        "owner": "nix-systems",
        "repo": "default",
        "type": "github"
      }
    },
    "systems_2": {
      "locked": {
        "lastModified": 1681028828,
        "narHash": "sha256-Vy1rq5AaRuLzOxct8nz4T6wlgyUR7zLU309k9mBC768=",
        "owner": "nix-systems",
        "repo": "default",
        "rev": "da67096a3b9bf56a91d16901293e51ba5b49a27e",
        "type": "github"
      },
      "original": {
        "owner": "nix-systems",
        "repo": "default",
        "type": "github"
      }
    },
    "systems_3": {
      "locked": {
        "lastModified": 1681028828,
        "narHash": "sha256-Vy1rq5AaRuLzOxct8nz4T6wlgyUR7zLU309k9mBC768=",
        "owner": "nix-systems",
        "repo": "default",
        "rev": "da67096a3b9bf56a91d16901293e51ba5b49a27e",
        "type": "github"
      },
      "original": {
        "owner": "nix-systems",
        "repo": "default",
        "type": "github"
      }
    },
    "telescope-recent-files-src": {
      "flake": false,
      "locked": {
        "lastModified": 1742845965,
        "narHash": "sha256-OxapSvSDdXFYxuza3Vf5acWTNEHg2okvhBUQJMV3hOQ=",
        "owner": "smartpde",
        "repo": "telescope-recent-files",
        "rev": "eb190c0baded1cbfa9d8767c817b054377683163",
        "type": "github"
      },
      "original": {
        "owner": "smartpde",
        "repo": "telescope-recent-files",
        "type": "github"
      }
    },
    "vaffle-src": {
      "flake": false,
      "locked": {
        "lastModified": 1603945142,
        "narHash": "sha256-CvV4OQ8LQVsZMnyPUDX4bWGqYTxUtTj1eH+Y+CwkEWQ=",
        "owner": "cocopon",
        "repo": "vaffle.vim",
        "rev": "0a314644c38402b659482568525b1303f7d0e01d",
        "type": "github"
      },
      "original": {
        "owner": "cocopon",
        "repo": "vaffle.vim",
        "type": "github"
      }
    }
  },
  "root": "root",
  "version": 7
}
